
Microsoft Visual Studio Solution File, Format Version 12.00
# Visual Studio 15
VisualStudioVersion = 15.0.27428.2043
MinimumVisualStudioVersion = 10.0.40219.1
Project("{FAE04EC0-301F-11D3-BF4B-00C04F79EFBC}") = "IPolice.Core", "IPolice.Core\IPolice.Core.csproj", "{C938591E-2A66-4E2C-90BF-F42C556408A8}"
EndProject
Project("{FAE04EC0-301F-11D3-BF4B-00C04F79EFBC}") = "IPolice.Infrastructure.Data", "IPolice.Infrastructure.Data\IPolice.Infrastructure.Data.csproj", "{7006325B-B798-411E-A462-2E0FFFF8BD74}"
EndProject
Project("{FAE04EC0-301F-11D3-BF4B-00C04F79EFBC}") = "IPolice.Infrastructure.Utility", "IPolice.Infrastructure.Utility\IPolice.Infrastructure.Utility.csproj", "{6C955F70-0C1F-4BE0-84BA-26670C09B7DA}"
EndProject
Project("{FAE04EC0-301F-11D3-BF4B-00C04F79EFBC}") = "IPolice.Web", "IPolice.Web\IPolice.Web.csproj", "{2EB90398-3D70-4104-8B32-2C43C8593559}"
EndProject
Project("{FAE04EC0-301F-11D3-BF4B-00C04F79EFBC}") = "IPolice.BackgroundServices", "IPolice.BackgroundServices\IPolice.BackgroundServices.csproj", "{4CD0C17D-FCBF-4178-97C6-E0928C1034F7}"
EndProject
Project("{FAE04EC0-301F-11D3-BF4B-00C04F79EFBC}") = "IPolice.API", "IPolice.API\IPolice.API.csproj", "{AF392B9C-2A48-441A-BE9A-51AECCB4EFE2}"
EndProject
Global
	GlobalSection(SolutionConfigurationPlatforms) = preSolution
		Debug|Any CPU = Debug|Any CPU
		Release|Any CPU = Release|Any CPU
	EndGlobalSection
	GlobalSection(ProjectConfigurationPlatforms) = postSolution
		{C938591E-2A66-4E2C-90BF-F42C556408A8}.Debug|Any CPU.ActiveCfg = Debug|Any CPU
		{C938591E-2A66-4E2C-90BF-F42C556408A8}.Debug|Any CPU.Build.0 = Debug|Any CPU
		{C938591E-2A66-4E2C-90BF-F42C556408A8}.Release|Any CPU.ActiveCfg = Release|Any CPU
		{C938591E-2A66-4E2C-90BF-F42C556408A8}.Release|Any CPU.Build.0 = Release|Any CPU
		{7006325B-B798-411E-A462-2E0FFFF8BD74}.Debug|Any CPU.ActiveCfg = Debug|Any CPU
		{7006325B-B798-411E-A462-2E0FFFF8BD74}.Debug|Any CPU.Build.0 = Debug|Any CPU
		{7006325B-B798-411E-A462-2E0FFFF8BD74}.Release|Any CPU.ActiveCfg = Release|Any CPU
		{7006325B-B798-411E-A462-2E0FFFF8BD74}.Release|Any CPU.Build.0 = Release|Any CPU
		{6C955F70-0C1F-4BE0-84BA-26670C09B7DA}.Debug|Any CPU.ActiveCfg = Debug|Any CPU
		{6C955F70-0C1F-4BE0-84BA-26670C09B7DA}.Debug|Any CPU.Build.0 = Debug|Any CPU
		{6C955F70-0C1F-4BE0-84BA-26670C09B7DA}.Release|Any CPU.ActiveCfg = Release|Any CPU
		{6C955F70-0C1F-4BE0-84BA-26670C09B7DA}.Release|Any CPU.Build.0 = Release|Any CPU
		{2EB90398-3D70-4104-8B32-2C43C8593559}.Debug|Any CPU.ActiveCfg = Debug|Any CPU
		{2EB90398-3D70-4104-8B32-2C43C8593559}.Debug|Any CPU.Build.0 = Debug|Any CPU
		{2EB90398-3D70-4104-8B32-2C43C8593559}.Release|Any CPU.ActiveCfg = Release|Any CPU
		{2EB90398-3D70-4104-8B32-2C43C8593559}.Release|Any CPU.Build.0 = Release|Any CPU
		{4CD0C17D-FCBF-4178-97C6-E0928C1034F7}.Debug|Any CPU.ActiveCfg = Debug|Any CPU
		{4CD0C17D-FCBF-4178-97C6-E0928C1034F7}.Debug|Any CPU.Build.0 = Debug|Any CPU
		{4CD0C17D-FCBF-4178-97C6-E0928C1034F7}.Release|Any CPU.ActiveCfg = Release|Any CPU
		{4CD0C17D-FCBF-4178-97C6-E0928C1034F7}.Release|Any CPU.Build.0 = Release|Any CPU
		{AF392B9C-2A48-441A-BE9A-51AECCB4EFE2}.Debug|Any CPU.ActiveCfg = Debug|Any CPU
		{AF392B9C-2A48-441A-BE9A-51AECCB4EFE2}.Debug|Any CPU.Build.0 = Debug|Any CPU
		{AF392B9C-2A48-441A-BE9A-51AECCB4EFE2}.Release|Any CPU.ActiveCfg = Release|Any CPU
		{AF392B9C-2A48-441A-BE9A-51AECCB4EFE2}.Release|Any CPU.Build.0 = Release|Any CPU
	EndGlobalSection
	GlobalSection(SolutionProperties) = preSolution
		HideSolutionNode = FALSE
	EndGlobalSection
	GlobalSection(ExtensibilityGlobals) = postSolution
		SolutionGuid = {18EF3C23-2A5A-43CD-A8E6-84EEE7223246}
	EndGlobalSection
EndGlobal
